PODS:
  - CUU (1.0.0):
    - CUU/CUUCore (= 1.0.0)
    - CUU/FeatureKit (= 1.0.0)
    - CUU/InteractionKit (= 1.0.0)
    - CUU/ThinkingAloudKit (= 1.0.0)
  - CUU/CUUCore (1.0.0)
  - CUU/FeatureKit (1.0.0):
    - CUU/CUUCore
  - CUU/InteractionKit (1.0.0):
    - CUU/CUUCore
  - CUU/ThinkingAloudKit (1.0.0):
    - CUU/CUUCore
    - CUU/FeatureKit

DEPENDENCIES:
  - CUU (from `../`)

EXTERNAL SOURCES:
  CUU:
    :path: ../

SPEC CHECKSUMS:
  CUU: fde45d49bc1b3edd7ad126525f65b3b7265bbaa0

PODFILE CHECKSUM: bc8b24ecbdf770bf7541292965c5b507fc7cad87

COCOAPODS: 1.4.0
