PODS:
  - CUU (1.0.0):
    - CUU/CUUCore (= 1.0.0)
    - CUU/FeatureKit (= 1.0.0)
    - CUU/InteractionKit (= 1.0.0)
    - CUU/ThinkingAloudKit (= 1.0.0)
  - CUU/CUUCore (1.0.0)
  - CUU/FeatureKit (1.0.0):
    - CUU/CUUCore
  - CUU/InteractionKit (1.0.0):
    - CUU/CUUCore
  - CUU/ThinkingAloudKit (1.0.0):
    - CUU/CUUCore

DEPENDENCIES:
  - CUU (from `../`)

EXTERNAL SOURCES:
  CUU:
    :path: ../

SPEC CHECKSUMS:
  CUU: a3fbc6c20b221cc1b890add97eb05d3735230b1b

PODFILE CHECKSUM: bc8b24ecbdf770bf7541292965c5b507fc7cad87

COCOAPODS: 1.4.0
